
Microsoft Visual Studio Solution File, Format Version 12.00
# Visual Studio 2013
VisualStudioVersion = 12.0.30723.0
MinimumVisualStudioVersion = 10.0.40219.1
Project("{FAE04EC0-301F-11D3-BF4B-00C04F79EFBC}") = "CRUDService", "WcfCRUDService\CRUDService.csproj", "{685E5787-DAAE-4F84-A771-79699A99EFEC}"
EndProject
Project("{2150E333-8FDC-42A3-9474-1A3956D46DE8}") = "Services", "Services", "{67CF34A3-590B-44AA-B0AD-AD0B507FB373}"
EndProject
Project("{2150E333-8FDC-42A3-9474-1A3956D46DE8}") = "Infrastructure", "Infrastructure", "{D44B2089-DFA6-4A4B-8E6D-823722E8C90F}"
EndProject
Project("{FAE04EC0-301F-11D3-BF4B-00C04F79EFBC}") = "sysnova.Infrastructure.Data", "sysnova.Infraestructure.Data\sysnova.Infrastructure.Data.csproj", "{16F7DF21-2F04-4A08-A8F9-FE804C248D83}"
EndProject
Project("{FAE04EC0-301F-11D3-BF4B-00C04F79EFBC}") = "sysnova.Infrastructure.Interfaces", "sysnova.Infrastructure.Interfaces\sysnova.Infrastructure.Interfaces.csproj", "{92B4D57F-79B8-4BED-BB31-9DC995EDAAB2}"
EndProject
Project("{2150E333-8FDC-42A3-9474-1A3956D46DE8}") = "Domain", "Domain", "{0D338628-FF53-44B6-83C5-68A317C0BACA}"
EndProject
Project("{FAE04EC0-301F-11D3-BF4B-00C04F79EFBC}") = "sysnova.Domain.Entities", "sysnova.Domain.Entities\sysnova.Domain.Entities.csproj", "{D82EEA23-8801-47C8-B427-26031BCB004B}"
EndProject
Project("{FAE04EC0-301F-11D3-BF4B-00C04F79EFBC}") = "sysnova.Domain.Interfaces", "sysnova.Domain.Interfaces\sysnova.Domain.Interfaces.csproj", "{7760EA0C-A146-41F4-9D50-B2512548486B}"
EndProject
Project("{FAE04EC0-301F-11D3-BF4B-00C04F79EFBC}") = "sysnova.Infrastructure.DependencyResolution", "sysnova.Infrastructure.DependencyResolution\sysnova.Infrastructure.DependencyResolution.csproj", "{7EB0DF5C-B608-431B-9285-065E94611E3E}"
EndProject
Project("{FAE04EC0-301F-11D3-BF4B-00C04F79EFBC}") = "sysnova.Infrastructure.Security", "sysnova.Infrastructure.Security\sysnova.Infrastructure.Security.csproj", "{620AAAE1-59EA-4C8E-8BDD-007C540524E2}"
EndProject
Project("{FAE04EC0-301F-11D3-BF4B-00C04F79EFBC}") = "ClientWCF", "ClientWCF\ClientWCF.csproj", "{258A7080-D7EF-4429-9863-8BBD6A340CEC}"
	ProjectSection(ProjectDependencies) = postProject
		{685E5787-DAAE-4F84-A771-79699A99EFEC} = {685E5787-DAAE-4F84-A771-79699A99EFEC}
	EndProjectSection
EndProject
Project("{FAE04EC0-301F-11D3-BF4B-00C04F79EFBC}") = "sysnova.Infrastructure.Services", "sysnova.Infrastructure.Services\sysnova.Infrastructure.Services.csproj", "{9FF54053-416F-4C3D-A733-4DD7E3ECC0C4}"
EndProject
Project("{FAE04EC0-301F-11D3-BF4B-00C04F79EFBC}") = "sysnova.Infrastructure.Errors", "sysnova.Infrastructure.Errors\sysnova.Infrastructure.Errors.csproj", "{2FFB89BE-3712-43A6-B733-A9F4FFDE7417}"
EndProject
Project("{FAE04EC0-301F-11D3-BF4B-00C04F79EFBC}") = "WebClient", "WebClient\WebClient.csproj", "{50F9AB06-9965-4117-ACA3-2A35FE8B9E03}"
EndProject
Project("{FAE04EC0-301F-11D3-BF4B-00C04F79EFBC}") = "sysnova.Domain.Forms", "sysnova.Domain.Forms\sysnova.Domain.Forms.csproj", "{3548B199-C644-4E53-83A5-76240F162000}"
EndProject
Project("{FAE04EC0-301F-11D3-BF4B-00C04F79EFBC}") = "sysnova.Infrastructure.CommandBus", "sysnova.Infrastructure.CommandBus\sysnova.Infrastructure.CommandBus.csproj", "{9C457408-8709-4FB7-A884-D379187268F6}"
EndProject
Project("{FAE04EC0-301F-11D3-BF4B-00C04F79EFBC}") = "sysnova.Domain.Core", "sysnova.Domain.Core\sysnova.Domain.Core.csproj", "{1AA086E9-8AAC-476C-B92F-DDC349685309}"
EndProject
Global
	GlobalSection(SolutionConfigurationPlatforms) = preSolution
		Debug|Any CPU = Debug|Any CPU
		Release|Any CPU = Release|Any CPU
	EndGlobalSection
	GlobalSection(ProjectConfigurationPlatforms) = postSolution
		{685E5787-DAAE-4F84-A771-79699A99EFEC}.Debug|Any CPU.ActiveCfg = Debug|Any CPU
		{685E5787-DAAE-4F84-A771-79699A99EFEC}.Debug|Any CPU.Build.0 = Debug|Any CPU
		{685E5787-DAAE-4F84-A771-79699A99EFEC}.Release|Any CPU.ActiveCfg = Release|Any CPU
		{685E5787-DAAE-4F84-A771-79699A99EFEC}.Release|Any CPU.Build.0 = Release|Any CPU
		{16F7DF21-2F04-4A08-A8F9-FE804C248D83}.Debug|Any CPU.ActiveCfg = Debug|Any CPU
		{16F7DF21-2F04-4A08-A8F9-FE804C248D83}.Debug|Any CPU.Build.0 = Debug|Any CPU
		{16F7DF21-2F04-4A08-A8F9-FE804C248D83}.Release|Any CPU.ActiveCfg = Release|Any CPU
		{16F7DF21-2F04-4A08-A8F9-FE804C248D83}.Release|Any CPU.Build.0 = Release|Any CPU
		{92B4D57F-79B8-4BED-BB31-9DC995EDAAB2}.Debug|Any CPU.ActiveCfg = Debug|Any CPU
		{92B4D57F-79B8-4BED-BB31-9DC995EDAAB2}.Debug|Any CPU.Build.0 = Debug|Any CPU
		{92B4D57F-79B8-4BED-BB31-9DC995EDAAB2}.Release|Any CPU.ActiveCfg = Release|Any CPU
		{92B4D57F-79B8-4BED-BB31-9DC995EDAAB2}.Release|Any CPU.Build.0 = Release|Any CPU
		{D82EEA23-8801-47C8-B427-26031BCB004B}.Debug|Any CPU.ActiveCfg = Debug|Any CPU
		{D82EEA23-8801-47C8-B427-26031BCB004B}.Debug|Any CPU.Build.0 = Debug|Any CPU
		{D82EEA23-8801-47C8-B427-26031BCB004B}.Release|Any CPU.ActiveCfg = Release|Any CPU
		{D82EEA23-8801-47C8-B427-26031BCB004B}.Release|Any CPU.Build.0 = Release|Any CPU
		{7760EA0C-A146-41F4-9D50-B2512548486B}.Debug|Any CPU.ActiveCfg = Debug|Any CPU
		{7760EA0C-A146-41F4-9D50-B2512548486B}.Debug|Any CPU.Build.0 = Debug|Any CPU
		{7760EA0C-A146-41F4-9D50-B2512548486B}.Release|Any CPU.ActiveCfg = Release|Any CPU
		{7760EA0C-A146-41F4-9D50-B2512548486B}.Release|Any CPU.Build.0 = Release|Any CPU
		{7EB0DF5C-B608-431B-9285-065E94611E3E}.Debug|Any CPU.ActiveCfg = Debug|Any CPU
		{7EB0DF5C-B608-431B-9285-065E94611E3E}.Debug|Any CPU.Build.0 = Debug|Any CPU
		{7EB0DF5C-B608-431B-9285-065E94611E3E}.Release|Any CPU.ActiveCfg = Release|Any CPU
		{7EB0DF5C-B608-431B-9285-065E94611E3E}.Release|Any CPU.Build.0 = Release|Any CPU
		{620AAAE1-59EA-4C8E-8BDD-007C540524E2}.Debug|Any CPU.ActiveCfg = Debug|Any CPU
		{620AAAE1-59EA-4C8E-8BDD-007C540524E2}.Debug|Any CPU.Build.0 = Debug|Any CPU
		{620AAAE1-59EA-4C8E-8BDD-007C540524E2}.Release|Any CPU.ActiveCfg = Release|Any CPU
		{620AAAE1-59EA-4C8E-8BDD-007C540524E2}.Release|Any CPU.Build.0 = Release|Any CPU
		{258A7080-D7EF-4429-9863-8BBD6A340CEC}.Debug|Any CPU.ActiveCfg = Debug|Any CPU
		{258A7080-D7EF-4429-9863-8BBD6A340CEC}.Debug|Any CPU.Build.0 = Debug|Any CPU
		{258A7080-D7EF-4429-9863-8BBD6A340CEC}.Release|Any CPU.ActiveCfg = Release|Any CPU
		{258A7080-D7EF-4429-9863-8BBD6A340CEC}.Release|Any CPU.Build.0 = Release|Any CPU
		{9FF54053-416F-4C3D-A733-4DD7E3ECC0C4}.Debug|Any CPU.ActiveCfg = Debug|Any CPU
		{9FF54053-416F-4C3D-A733-4DD7E3ECC0C4}.Debug|Any CPU.Build.0 = Debug|Any CPU
		{9FF54053-416F-4C3D-A733-4DD7E3ECC0C4}.Release|Any CPU.ActiveCfg = Release|Any CPU
		{9FF54053-416F-4C3D-A733-4DD7E3ECC0C4}.Release|Any CPU.Build.0 = Release|Any CPU
		{2FFB89BE-3712-43A6-B733-A9F4FFDE7417}.Debug|Any CPU.ActiveCfg = Debug|Any CPU
		{2FFB89BE-3712-43A6-B733-A9F4FFDE7417}.Debug|Any CPU.Build.0 = Debug|Any CPU
		{2FFB89BE-3712-43A6-B733-A9F4FFDE7417}.Release|Any CPU.ActiveCfg = Release|Any CPU
		{2FFB89BE-3712-43A6-B733-A9F4FFDE7417}.Release|Any CPU.Build.0 = Release|Any CPU
		{50F9AB06-9965-4117-ACA3-2A35FE8B9E03}.Debug|Any CPU.ActiveCfg = Debug|Any CPU
		{50F9AB06-9965-4117-ACA3-2A35FE8B9E03}.Debug|Any CPU.Build.0 = Debug|Any CPU
		{50F9AB06-9965-4117-ACA3-2A35FE8B9E03}.Release|Any CPU.ActiveCfg = Release|Any CPU
		{50F9AB06-9965-4117-ACA3-2A35FE8B9E03}.Release|Any CPU.Build.0 = Release|Any CPU
		{3548B199-C644-4E53-83A5-76240F162000}.Debug|Any CPU.ActiveCfg = Debug|Any CPU
		{3548B199-C644-4E53-83A5-76240F162000}.Debug|Any CPU.Build.0 = Debug|Any CPU
		{3548B199-C644-4E53-83A5-76240F162000}.Release|Any CPU.ActiveCfg = Release|Any CPU
		{3548B199-C644-4E53-83A5-76240F162000}.Release|Any CPU.Build.0 = Release|Any CPU
		{9C457408-8709-4FB7-A884-D379187268F6}.Debug|Any CPU.ActiveCfg = Debug|Any CPU
		{9C457408-8709-4FB7-A884-D379187268F6}.Debug|Any CPU.Build.0 = Debug|Any CPU
		{9C457408-8709-4FB7-A884-D379187268F6}.Release|Any CPU.ActiveCfg = Release|Any CPU
		{9C457408-8709-4FB7-A884-D379187268F6}.Release|Any CPU.Build.0 = Release|Any CPU
		{1AA086E9-8AAC-476C-B92F-DDC349685309}.Debug|Any CPU.ActiveCfg = Debug|Any CPU
		{1AA086E9-8AAC-476C-B92F-DDC349685309}.Debug|Any CPU.Build.0 = Debug|Any CPU
		{1AA086E9-8AAC-476C-B92F-DDC349685309}.Release|Any CPU.ActiveCfg = Release|Any CPU
		{1AA086E9-8AAC-476C-B92F-DDC349685309}.Release|Any CPU.Build.0 = Release|Any CPU
	EndGlobalSection
	GlobalSection(SolutionProperties) = preSolution
		HideSolutionNode = FALSE
	EndGlobalSection
	GlobalSection(NestedProjects) = preSolution
		{685E5787-DAAE-4F84-A771-79699A99EFEC} = {67CF34A3-590B-44AA-B0AD-AD0B507FB373}
		{16F7DF21-2F04-4A08-A8F9-FE804C248D83} = {D44B2089-DFA6-4A4B-8E6D-823722E8C90F}
		{92B4D57F-79B8-4BED-BB31-9DC995EDAAB2} = {D44B2089-DFA6-4A4B-8E6D-823722E8C90F}
		{D82EEA23-8801-47C8-B427-26031BCB004B} = {0D338628-FF53-44B6-83C5-68A317C0BACA}
		{7760EA0C-A146-41F4-9D50-B2512548486B} = {0D338628-FF53-44B6-83C5-68A317C0BACA}
		{7EB0DF5C-B608-431B-9285-065E94611E3E} = {D44B2089-DFA6-4A4B-8E6D-823722E8C90F}
		{620AAAE1-59EA-4C8E-8BDD-007C540524E2} = {D44B2089-DFA6-4A4B-8E6D-823722E8C90F}
		{9FF54053-416F-4C3D-A733-4DD7E3ECC0C4} = {D44B2089-DFA6-4A4B-8E6D-823722E8C90F}
		{2FFB89BE-3712-43A6-B733-A9F4FFDE7417} = {D44B2089-DFA6-4A4B-8E6D-823722E8C90F}
		{3548B199-C644-4E53-83A5-76240F162000} = {0D338628-FF53-44B6-83C5-68A317C0BACA}
		{9C457408-8709-4FB7-A884-D379187268F6} = {D44B2089-DFA6-4A4B-8E6D-823722E8C90F}
		{1AA086E9-8AAC-476C-B92F-DDC349685309} = {0D338628-FF53-44B6-83C5-68A317C0BACA}
	EndGlobalSection
EndGlobal
